PODS:
  - Flutter (1.0.0)
  - xm_app_core_plugin (0.0.1):
    - Flutter

DEPENDENCIES:
  - Flutter (from `.symlinks/flutter/ios`)
  - xm_app_core_plugin (from `.symlinks/plugins/xm_app_core_plugin/ios`)

EXTERNAL SOURCES:
  Flutter:
    :path: ".symlinks/flutter/ios"
  xm_app_core_plugin:
    :path: ".symlinks/plugins/xm_app_core_plugin/ios"

SPEC CHECKSUMS:
  Flutter: 0e3d915762c693b495b44d77113d4970485de6ec
  xm_app_core_plugin: 7ded2446ca1de5c04c817dbb5c08e109884e955e

PODFILE CHECKSUM: 10ae9c18d12c9ffc2275c9a159a3b1e281990db0

COCOAPODS: 1.7.0
